
Microsoft Visual Studio Solution File, Format Version 12.00
# Visual Studio Version 17
VisualStudioVersion = 17.5.33627.172
MinimumVisualStudioVersion = 10.0.40219.1
Project("{FAE04EC0-301F-11D3-BF4B-00C04F79EFBC}") = "Ukesoppg 1", "Ukesoppg 1\Ukesoppg 1.csproj", "{D2EFCC66-9933-4B26-BB65-ADC40B0ED35C}"
EndProject
Global
	GlobalSection(SolutionConfigurationPlatforms) = preSolution
		Debug|Any CPU = Debug|Any CPU
		Release|Any CPU = Release|Any CPU
	EndGlobalSection
	GlobalSection(ProjectConfigurationPlatforms) = postSolution
		{D2EFCC66-9933-4B26-BB65-ADC40B0ED35C}.Debug|Any CPU.ActiveCfg = Debug|Any CPU
		{D2EFCC66-9933-4B26-BB65-ADC40B0ED35C}.Debug|Any CPU.Build.0 = Debug|Any CPU
		{D2EFCC66-9933-4B26-BB65-ADC40B0ED35C}.Release|Any CPU.ActiveCfg = Release|Any CPU
		{D2EFCC66-9933-4B26-BB65-ADC40B0ED35C}.Release|Any CPU.Build.0 = Release|Any CPU
	EndGlobalSection
	GlobalSection(SolutionProperties) = preSolution
		HideSolutionNode = FALSE
	EndGlobalSection
	GlobalSection(ExtensibilityGlobals) = postSolution
		SolutionGuid = {EA63AEB4-C991-4A48-BDCD-61C3D9EA7085}
	EndGlobalSection
EndGlobal
