
Microsoft Visual Studio Solution File, Format Version 12.00
# Visual Studio Version 17
VisualStudioVersion = 17.5.33627.172
MinimumVisualStudioVersion = 10.0.40219.1
Project("{FAE04EC0-301F-11D3-BF4B-00C04F79EFBC}") = "Streken", "Streken.csproj", "{DF46E8B2-77EA-45CA-8D49-D26692083F50}"
EndProject
Global
	GlobalSection(SolutionConfigurationPlatforms) = preSolution
		Debug|Any CPU = Debug|Any CPU
		Release|Any CPU = Release|Any CPU
	EndGlobalSection
	GlobalSection(ProjectConfigurationPlatforms) = postSolution
		{DF46E8B2-77EA-45CA-8D49-D26692083F50}.Debug|Any CPU.ActiveCfg = Debug|Any CPU
		{DF46E8B2-77EA-45CA-8D49-D26692083F50}.Debug|Any CPU.Build.0 = Debug|Any CPU
		{DF46E8B2-77EA-45CA-8D49-D26692083F50}.Release|Any CPU.ActiveCfg = Release|Any CPU
		{DF46E8B2-77EA-45CA-8D49-D26692083F50}.Release|Any CPU.Build.0 = Release|Any CPU
	EndGlobalSection
	GlobalSection(SolutionProperties) = preSolution
		HideSolutionNode = FALSE
	EndGlobalSection
	GlobalSection(ExtensibilityGlobals) = postSolution
		SolutionGuid = {7CBEE877-87BD-4E0E-A4DA-97AA3A0478B4}
	EndGlobalSection
EndGlobal
