
Microsoft Visual Studio Solution File, Format Version 12.00
# Visual Studio Version 17
VisualStudioVersion = 17.5.33627.172
MinimumVisualStudioVersion = 10.0.40219.1
Project("{FAE04EC0-301F-11D3-BF4B-00C04F79EFBC}") = "Passord", "TrePåRad\Passord.csproj", "{45EFB032-E31F-4ADD-B874-7757E43A8799}"
EndProject
Global
	GlobalSection(SolutionConfigurationPlatforms) = preSolution
		Debug|Any CPU = Debug|Any CPU
		Release|Any CPU = Release|Any CPU
	EndGlobalSection
	GlobalSection(ProjectConfigurationPlatforms) = postSolution
		{45EFB032-E31F-4ADD-B874-7757E43A8799}.Debug|Any CPU.ActiveCfg = Debug|Any CPU
		{45EFB032-E31F-4ADD-B874-7757E43A8799}.Debug|Any CPU.Build.0 = Debug|Any CPU
		{45EFB032-E31F-4ADD-B874-7757E43A8799}.Release|Any CPU.ActiveCfg = Release|Any CPU
		{45EFB032-E31F-4ADD-B874-7757E43A8799}.Release|Any CPU.Build.0 = Release|Any CPU
	EndGlobalSection
	GlobalSection(SolutionProperties) = preSolution
		HideSolutionNode = FALSE
	EndGlobalSection
	GlobalSection(ExtensibilityGlobals) = postSolution
		SolutionGuid = {F52F2433-F820-4B83-9249-784D643AA640}
	EndGlobalSection
EndGlobal
