
Microsoft Visual Studio Solution File, Format Version 12.00
# Visual Studio Version 17
VisualStudioVersion = 17.5.33627.172
MinimumVisualStudioVersion = 10.0.40219.1
Project("{FAE04EC0-301F-11D3-BF4B-00C04F79EFBC}") = "Krokodilleoppg", "Krokodilleoppg\Krokodilleoppg.csproj", "{F37611AC-E60F-4E4D-B20D-2618A944EC0F}"
EndProject
Global
	GlobalSection(SolutionConfigurationPlatforms) = preSolution
		Debug|Any CPU = Debug|Any CPU
		Release|Any CPU = Release|Any CPU
	EndGlobalSection
	GlobalSection(ProjectConfigurationPlatforms) = postSolution
		{F37611AC-E60F-4E4D-B20D-2618A944EC0F}.Debug|Any CPU.ActiveCfg = Debug|Any CPU
		{F37611AC-E60F-4E4D-B20D-2618A944EC0F}.Debug|Any CPU.Build.0 = Debug|Any CPU
		{F37611AC-E60F-4E4D-B20D-2618A944EC0F}.Release|Any CPU.ActiveCfg = Release|Any CPU
		{F37611AC-E60F-4E4D-B20D-2618A944EC0F}.Release|Any CPU.Build.0 = Release|Any CPU
	EndGlobalSection
	GlobalSection(SolutionProperties) = preSolution
		HideSolutionNode = FALSE
	EndGlobalSection
	GlobalSection(ExtensibilityGlobals) = postSolution
		SolutionGuid = {4095F3BA-56C9-437E-A7E2-A79CDAEBD4C6}
	EndGlobalSection
EndGlobal
