
Microsoft Visual Studio Solution File, Format Version 12.00
# Visual Studio Version 17
VisualStudioVersion = 17.6.33723.286
MinimumVisualStudioVersion = 10.0.40219.1
Project("{FAE04EC0-301F-11D3-BF4B-00C04F79EFBC}") = "ConsoleApp4", "ConsoleApp4.csproj", "{024B91C6-C8B5-44D1-ADB4-2F5679B77CCF}"
EndProject
Global
	GlobalSection(SolutionConfigurationPlatforms) = preSolution
		Debug|Any CPU = Debug|Any CPU
		Release|Any CPU = Release|Any CPU
	EndGlobalSection
	GlobalSection(ProjectConfigurationPlatforms) = postSolution
		{024B91C6-C8B5-44D1-ADB4-2F5679B77CCF}.Debug|Any CPU.ActiveCfg = Debug|Any CPU
		{024B91C6-C8B5-44D1-ADB4-2F5679B77CCF}.Debug|Any CPU.Build.0 = Debug|Any CPU
		{024B91C6-C8B5-44D1-ADB4-2F5679B77CCF}.Release|Any CPU.ActiveCfg = Release|Any CPU
		{024B91C6-C8B5-44D1-ADB4-2F5679B77CCF}.Release|Any CPU.Build.0 = Release|Any CPU
	EndGlobalSection
	GlobalSection(SolutionProperties) = preSolution
		HideSolutionNode = FALSE
	EndGlobalSection
	GlobalSection(ExtensibilityGlobals) = postSolution
		SolutionGuid = {792CC016-FBE7-4BFD-9CFF-D9E75BA1CEC0}
	EndGlobalSection
EndGlobal
